
Microsoft Visual Studio Solution File, Format Version 12.00
# Visual Studio Version 17
VisualStudioVersion = 17.10.35122.118
MinimumVisualStudioVersion = 10.0.40219.1
Project("{FAE04EC0-301F-11D3-BF4B-00C04F79EFBC}") = "Recyclica_Prototipo", "Recyclica_Prototipo.csproj", "{ED80F82E-85A1-4B3D-B0DC-39361AE3B40F}"
EndProject
Global
	GlobalSection(SolutionConfigurationPlatforms) = preSolution
		Debug|Any CPU = Debug|Any CPU
		Release|Any CPU = Release|Any CPU
	EndGlobalSection
	GlobalSection(ProjectConfigurationPlatforms) = postSolution
		{ED80F82E-85A1-4B3D-B0DC-39361AE3B40F}.Debug|Any CPU.ActiveCfg = Debug|Any CPU
		{ED80F82E-85A1-4B3D-B0DC-39361AE3B40F}.Debug|Any CPU.Build.0 = Debug|Any CPU
		{ED80F82E-85A1-4B3D-B0DC-39361AE3B40F}.Release|Any CPU.ActiveCfg = Release|Any CPU
		{ED80F82E-85A1-4B3D-B0DC-39361AE3B40F}.Release|Any CPU.Build.0 = Release|Any CPU
	EndGlobalSection
	GlobalSection(SolutionProperties) = preSolution
		HideSolutionNode = FALSE
	EndGlobalSection
	GlobalSection(ExtensibilityGlobals) = postSolution
		SolutionGuid = {7181AB4A-34F2-4D49-993A-E38830E15FF3}
	EndGlobalSection
EndGlobal
